
Microsoft Visual Studio Solution File, Format Version 12.00
# Visual Studio Version 17
VisualStudioVersion = 17.9.34902.65
MinimumVisualStudioVersion = 10.0.40219.1
Project("{9A19103F-16F7-4668-BE54-9A1E7A4F7556}") = "Services.Product.Grpc", "Services.Product.Grpc\Services.Product.Grpc.csproj", "{1249CE94-5A82-4CC6-B877-5EB78D04B00E}"
EndProject
Project("{9A19103F-16F7-4668-BE54-9A1E7A4F7556}") = "Services.Product.EntityFrameworkCore", "Services.Product.EntityFrameworkCore\Services.Product.EntityFrameworkCore.csproj", "{606E7FF2-C52D-4A37-A90B-177CA66FDB4C}"
EndProject
Project("{9A19103F-16F7-4668-BE54-9A1E7A4F7556}") = "Services.Product.Api", "Services.Product.Api\Services.Product.Api.csproj", "{5C449E5F-2D4D-48B0-805F-1C0DF3DF06E8}"
EndProject
Project("{9A19103F-16F7-4668-BE54-9A1E7A4F7556}") = "Services.Product.Service", "Services.Product.Service\Services.Product.Service.csproj", "{409680F8-698C-40A8-AB2B-C8EBF4256AA9}"
EndProject
Global
	GlobalSection(SolutionConfigurationPlatforms) = preSolution
		Debug|Any CPU = Debug|Any CPU
		Release|Any CPU = Release|Any CPU
	EndGlobalSection
	GlobalSection(ProjectConfigurationPlatforms) = postSolution
		{1249CE94-5A82-4CC6-B877-5EB78D04B00E}.Debug|Any CPU.ActiveCfg = Debug|Any CPU
		{1249CE94-5A82-4CC6-B877-5EB78D04B00E}.Debug|Any CPU.Build.0 = Debug|Any CPU
		{1249CE94-5A82-4CC6-B877-5EB78D04B00E}.Release|Any CPU.ActiveCfg = Release|Any CPU
		{1249CE94-5A82-4CC6-B877-5EB78D04B00E}.Release|Any CPU.Build.0 = Release|Any CPU
		{606E7FF2-C52D-4A37-A90B-177CA66FDB4C}.Debug|Any CPU.ActiveCfg = Debug|Any CPU
		{606E7FF2-C52D-4A37-A90B-177CA66FDB4C}.Debug|Any CPU.Build.0 = Debug|Any CPU
		{606E7FF2-C52D-4A37-A90B-177CA66FDB4C}.Release|Any CPU.ActiveCfg = Release|Any CPU
		{606E7FF2-C52D-4A37-A90B-177CA66FDB4C}.Release|Any CPU.Build.0 = Release|Any CPU
		{5C449E5F-2D4D-48B0-805F-1C0DF3DF06E8}.Debug|Any CPU.ActiveCfg = Debug|Any CPU
		{5C449E5F-2D4D-48B0-805F-1C0DF3DF06E8}.Debug|Any CPU.Build.0 = Debug|Any CPU
		{5C449E5F-2D4D-48B0-805F-1C0DF3DF06E8}.Release|Any CPU.ActiveCfg = Release|Any CPU
		{5C449E5F-2D4D-48B0-805F-1C0DF3DF06E8}.Release|Any CPU.Build.0 = Release|Any CPU
		{409680F8-698C-40A8-AB2B-C8EBF4256AA9}.Debug|Any CPU.ActiveCfg = Debug|Any CPU
		{409680F8-698C-40A8-AB2B-C8EBF4256AA9}.Debug|Any CPU.Build.0 = Debug|Any CPU
		{409680F8-698C-40A8-AB2B-C8EBF4256AA9}.Release|Any CPU.ActiveCfg = Release|Any CPU
		{409680F8-698C-40A8-AB2B-C8EBF4256AA9}.Release|Any CPU.Build.0 = Release|Any CPU
	EndGlobalSection
	GlobalSection(SolutionProperties) = preSolution
		HideSolutionNode = FALSE
	EndGlobalSection
	GlobalSection(ExtensibilityGlobals) = postSolution
		SolutionGuid = {9DD4442F-9265-4A88-84A3-21A185555B58}
	EndGlobalSection
EndGlobal
